
Microsoft Visual Studio Solution File, Format Version 12.00
# Visual Studio Version 17
VisualStudioVersion = 17.1.32210.238
MinimumVisualStudioVersion = 10.0.40219.1
Project("{FAE04EC0-301F-11D3-BF4B-00C04F79EFBC}") = "E_Passport", "E_Passport.csproj", "{83090994-F096-47B2-86B8-13CC1E6A220F}"
EndProject
Global
	GlobalSection(SolutionConfigurationPlatforms) = preSolution
		Debug|Any CPU = Debug|Any CPU
		Release|Any CPU = Release|Any CPU
	EndGlobalSection
	GlobalSection(ProjectConfigurationPlatforms) = postSolution
		{83090994-F096-47B2-86B8-13CC1E6A220F}.Debug|Any CPU.ActiveCfg = Debug|Any CPU
		{83090994-F096-47B2-86B8-13CC1E6A220F}.Debug|Any CPU.Build.0 = Debug|Any CPU
		{83090994-F096-47B2-86B8-13CC1E6A220F}.Release|Any CPU.ActiveCfg = Release|Any CPU
		{83090994-F096-47B2-86B8-13CC1E6A220F}.Release|Any CPU.Build.0 = Release|Any CPU
	EndGlobalSection
	GlobalSection(SolutionProperties) = preSolution
		HideSolutionNode = FALSE
	EndGlobalSection
	GlobalSection(ExtensibilityGlobals) = postSolution
		SolutionGuid = {DEE1B037-5FAE-4D9D-B128-62D4699DA25D}
	EndGlobalSection
EndGlobal
